PODS:
  - core (1.0)
  - KMPNativeCoroutinesCore (0.6.0)
  - KMPNativeCoroutinesRxSwift (0.6.0):
    - KMPNativeCoroutinesCore
    - RxSwift
  - PinLayout (1.10.0)
  - Reusable (4.1.2):
    - Reusable/Storyboard (= 4.1.2)
    - Reusable/View (= 4.1.2)
  - Reusable/Storyboard (4.1.2)
  - Reusable/View (4.1.2)
  - RxCocoa (6.2.0):
    - RxRelay (= 6.2.0)
    - RxSwift (= 6.2.0)
  - RxRelay (6.2.0):
    - RxSwift (= 6.2.0)
  - RxSwift (6.2.0)
  - SDWebImage (5.12.0):
    - SDWebImage/Core (= 5.12.0)
  - SDWebImage/Core (5.12.0)
  - SVProgressHUD (2.2.5)

DEPENDENCIES:
  - core (from `../core`)
  - KMPNativeCoroutinesRxSwift
  - PinLayout
  - Reusable
  - RxCocoa
  - RxSwift
  - SDWebImage
  - SVProgressHUD

SPEC REPOS:
  trunk:
    - KMPNativeCoroutinesCore
    - KMPNativeCoroutinesRxSwift
    - PinLayout
    - Reusable
    - RxCocoa
    - RxRelay
    - RxSwift
    - SDWebImage
    - SVProgressHUD

EXTERNAL SOURCES:
  core:
    :path: "../core"

SPEC CHECKSUMS:
  core: 1d9dc0efb3c5f750d3c8ce242c58c9b478c14adb
  KMPNativeCoroutinesCore: 9e575c725afddd5396eb5be642b768ce3f073c64
  KMPNativeCoroutinesRxSwift: fc0fbe1388aad216c44fe464e4cedf54150e3b6f
  PinLayout: e50e9a748b632905fca6e67043ea4b05d6c92186
  Reusable: 6bae6a5e8aa793c9c441db0213c863a64bce9136
  RxCocoa: 4baf94bb35f2c0ab31bc0cb9f1900155f646ba42
  RxRelay: e72dbfd157807478401ef1982e1c61c945c94b2f
  RxSwift: d356ab7bee873611322f134c5f9ef379fa183d8f
  SDWebImage: 4ea20cca2986adc5aacde07aa686742fd4c67a37
  SVProgressHUD: 1428aafac632c1f86f62aa4243ec12008d7a51d6

PODFILE CHECKSUM: 6b0755b86229b57543ec3dac0924c7dc24f7d262

COCOAPODS: 1.10.2
